
Microsoft Visual Studio Solution File, Format Version 12.00
# Visual Studio Version 17
VisualStudioVersion = 17.8.34322.80
MinimumVisualStudioVersion = 10.0.40219.1
Project("{FAE04EC0-301F-11D3-BF4B-00C04F79EFBC}") = "PerfectPay", "PerfectPay.csproj", "{EEF5F05C-0B9B-4B89-B7FE-9C7598294C07}"
EndProject
Global
	GlobalSection(SolutionConfigurationPlatforms) = preSolution
		Debug|Any CPU = Debug|Any CPU
		Release|Any CPU = Release|Any CPU
	EndGlobalSection
	GlobalSection(ProjectConfigurationPlatforms) = postSolution
		{EEF5F05C-0B9B-4B89-B7FE-9C7598294C07}.Debug|Any CPU.ActiveCfg = Debug|Any CPU
		{EEF5F05C-0B9B-4B89-B7FE-9C7598294C07}.Debug|Any CPU.Build.0 = Debug|Any CPU
		{EEF5F05C-0B9B-4B89-B7FE-9C7598294C07}.Debug|Any CPU.Deploy.0 = Debug|Any CPU
		{EEF5F05C-0B9B-4B89-B7FE-9C7598294C07}.Release|Any CPU.ActiveCfg = Release|Any CPU
		{EEF5F05C-0B9B-4B89-B7FE-9C7598294C07}.Release|Any CPU.Build.0 = Release|Any CPU
		{EEF5F05C-0B9B-4B89-B7FE-9C7598294C07}.Release|Any CPU.Deploy.0 = Release|Any CPU
	EndGlobalSection
	GlobalSection(SolutionProperties) = preSolution
		HideSolutionNode = FALSE
	EndGlobalSection
	GlobalSection(ExtensibilityGlobals) = postSolution
		SolutionGuid = {922368E7-40BA-4075-8B8B-F0EE3AF3F821}
	EndGlobalSection
EndGlobal
